<?xml version="1.0" encoding="UTF-8"?>
<!DOCTYPE plist PUBLIC "-//Apple//DTD PLIST 1.0//EN" "http://www.apple.com/DTDs/PropertyList-1.0.dtd">
<plist version="1.0">
<dict>
	<key>archiveVersion</key>
	<string>1</string>
	<key>classes</key>
	<dict/>
	<key>objectVersion</key>
	<string>46</string>
	<key>objects</key>
	<dict>
		<key>060FE27E19878466007539BA</key>
		<dict>
			<key>isa</key>
			<string>PBXFileReference</string>
			<key>lastKnownFileType</key>
			<string>sourcecode.c.h</string>
			<key>path</key>
			<string>XLCUtilsLogPrivate.h</string>
			<key>sourceTree</key>
			<string>&lt;group&gt;</string>
		</dict>
		<key>06208BCF17E1C4EC00F60D39</key>
		<dict>
			<key>fileEncoding</key>
			<string>4</string>
			<key>isa</key>
			<string>PBXFileReference</string>
			<key>lastKnownFileType</key>
			<string>sourcecode.c.h</string>
			<key>path</key>
			<string>XLCRunloop.h</string>
			<key>sourceTree</key>
			<string>&lt;group&gt;</string>
		</dict>
		<key>06208BD017E1C4EC00F60D39</key>
		<dict>
			<key>fileEncoding</key>
			<string>4</string>
			<key>isa</key>
			<string>PBXFileReference</string>
			<key>lastKnownFileType</key>
			<string>sourcecode.c.objc</string>
			<key>path</key>
			<string>XLCRunloop.m</string>
			<key>sourceTree</key>
			<string>&lt;group&gt;</string>
		</dict>
		<key>06208BD117E1C4EC00F60D39</key>
		<dict>
			<key>fileRef</key>
			<string>06208BCF17E1C4EC00F60D39</string>
			<key>isa</key>
			<string>PBXBuildFile</string>
		</dict>
		<key>06208BD217E1C4EC00F60D39</key>
		<dict>
			<key>fileRef</key>
			<string>06208BD017E1C4EC00F60D39</string>
			<key>isa</key>
			<string>PBXBuildFile</string>
		</dict>
		<key>06208BD317E1C53D00F60D39</key>
		<dict>
			<key>fileEncoding</key>
			<string>4</string>
			<key>isa</key>
			<string>PBXFileReference</string>
			<key>lastKnownFileType</key>
			<string>sourcecode.c.h</string>
			<key>path</key>
			<string>NSObject+XLCUtilsMemoryDebug.h</string>
			<key>sourceTree</key>
			<string>&lt;group&gt;</string>
		</dict>
		<key>06208BD417E1C53D00F60D39</key>
		<dict>
			<key>fileEncoding</key>
			<string>4</string>
			<key>isa</key>
			<string>PBXFileReference</string>
			<key>lastKnownFileType</key>
			<string>sourcecode.c.objc</string>
			<key>path</key>
			<string>NSObject+XLCUtilsMemoryDebug.m</string>
			<key>sourceTree</key>
			<string>&lt;group&gt;</string>
		</dict>
		<key>06208BD517E1C53D00F60D39</key>
		<dict>
			<key>fileRef</key>
			<string>06208BD317E1C53D00F60D39</string>
			<key>isa</key>
			<string>PBXBuildFile</string>
		</dict>
		<key>06208BD617E1C53D00F60D39</key>
		<dict>
			<key>fileRef</key>
			<string>06208BD417E1C53D00F60D39</string>
			<key>isa</key>
			<string>PBXBuildFile</string>
			<key>settings</key>
			<dict>
				<key>COMPILER_FLAGS</key>
				<string>-fno-objc-arc</string>
			</dict>
		</dict>
		<key>0622A51B18E7F9AF008E2A93</key>
		<dict>
			<key>children</key>
			<array>
				<string>068EED011930B5F400E58689</string>
				<string>06B443941903821B006F7245</string>
				<string>0622A51C18E805B7008E2A93</string>
				<string>0622A51D18E805B7008E2A93</string>
				<string>0622A54C18F3EBF4008E2A93</string>
				<string>0622A54E18F6911A008E2A93</string>
			</array>
			<key>isa</key>
			<string>PBXGroup</string>
			<key>name</key>
			<string>XMLObject</string>
			<key>sourceTree</key>
			<string>&lt;group&gt;</string>
		</dict>
		<key>0622A51C18E805B7008E2A93</key>
		<dict>
			<key>fileEncoding</key>
			<string>4</string>
			<key>isa</key>
			<string>PBXFileReference</string>
			<key>lastKnownFileType</key>
			<string>sourcecode.c.h</string>
			<key>path</key>
			<string>XLCXMLObject.h</string>
			<key>sourceTree</key>
			<string>&lt;group&gt;</string>
		</dict>
		<key>0622A51D18E805B7008E2A93</key>
		<dict>
			<key>fileEncoding</key>
			<string>4</string>
			<key>isa</key>
			<string>PBXFileReference</string>
			<key>lastKnownFileType</key>
			<string>sourcecode.cpp.objcpp</string>
			<key>path</key>
			<string>XLCXMLObject.mm</string>
			<key>sourceTree</key>
			<string>&lt;group&gt;</string>
		</dict>
		<key>0622A51E18E805B7008E2A93</key>
		<dict>
			<key>fileRef</key>
			<string>0622A51C18E805B7008E2A93</string>
			<key>isa</key>
			<string>PBXBuildFile</string>
		</dict>
		<key>0622A51F18E805B7008E2A93</key>
		<dict>
			<key>fileRef</key>
			<string>0622A51D18E805B7008E2A93</string>
			<key>isa</key>
			<string>PBXBuildFile</string>
		</dict>
		<key>0622A54818E8144C008E2A93</key>
		<dict>
			<key>fileEncoding</key>
			<string>4</string>
			<key>isa</key>
			<string>PBXFileReference</string>
			<key>lastKnownFileType</key>
			<string>sourcecode.cpp.objcpp</string>
			<key>path</key>
			<string>XLCXMLObjectTests.mm</string>
			<key>sourceTree</key>
			<string>&lt;group&gt;</string>
		</dict>
		<key>0622A54918E8144C008E2A93</key>
		<dict>
			<key>fileRef</key>
			<string>0622A54818E8144C008E2A93</string>
			<key>isa</key>
			<string>PBXBuildFile</string>
		</dict>
		<key>0622A54C18F3EBF4008E2A93</key>
		<dict>
			<key>isa</key>
			<string>PBXFileReference</string>
			<key>lastKnownFileType</key>
			<string>sourcecode.c.h</string>
			<key>path</key>
			<string>XLCXMLCreation.h</string>
			<key>sourceTree</key>
			<string>&lt;group&gt;</string>
		</dict>
		<key>0622A54E18F6911A008E2A93</key>
		<dict>
			<key>fileEncoding</key>
			<string>4</string>
			<key>isa</key>
			<string>PBXFileReference</string>
			<key>lastKnownFileType</key>
			<string>sourcecode.c.objc</string>
			<key>path</key>
			<string>XLCXMLCreation.m</string>
			<key>sourceTree</key>
			<string>&lt;group&gt;</string>
		</dict>
		<key>0622A55018F6911A008E2A93</key>
		<dict>
			<key>fileRef</key>
			<string>0622A54E18F6911A008E2A93</string>
			<key>isa</key>
			<string>PBXBuildFile</string>
		</dict>
		<key>062538ED190C925A007FD1C4</key>
		<dict>
			<key>isa</key>
			<string>PBXFileReference</string>
			<key>lastKnownFileType</key>
			<string>sourcecode.cpp.h</string>
			<key>path</key>
			<string>XLCObjCppHelpers.hh</string>
			<key>sourceTree</key>
			<string>&lt;group&gt;</string>
		</dict>
		<key>062538EE190CDAEF007FD1C4</key>
		<dict>
			<key>isa</key>
			<string>PBXFileReference</string>
			<key>lastKnownFileType</key>
			<string>sourcecode.cpp.h</string>
			<key>path</key>
			<string>XLCStream.hh</string>
			<key>sourceTree</key>
			<string>&lt;group&gt;</string>
		</dict>
		<key>062538EF190CDB88007FD1C4</key>
		<dict>
			<key>fileEncoding</key>
			<string>4</string>
			<key>isa</key>
			<string>PBXFileReference</string>
			<key>lastKnownFileType</key>
			<string>sourcecode.cpp.objcpp</string>
			<key>path</key>
			<string>XLCStreamTests.mm</string>
			<key>sourceTree</key>
			<string>&lt;group&gt;</string>
		</dict>
		<key>062538F0190CDB88007FD1C4</key>
		<dict>
			<key>fileRef</key>
			<string>062538EF190CDB88007FD1C4</string>
			<key>isa</key>
			<string>PBXBuildFile</string>
		</dict>
		<key>0674ACDB1852CDA0004491AD</key>
		<dict>
			<key>isa</key>
			<string>PBXFileReference</string>
			<key>lastKnownFileType</key>
			<string>sourcecode.c.h</string>
			<key>path</key>
			<string>XLCUtils.h</string>
			<key>sourceTree</key>
			<string>&lt;group&gt;</string>
		</dict>
		<key>0685002E1990DC6D0049F386</key>
		<dict>
			<key>fileEncoding</key>
			<string>4</string>
			<key>isa</key>
			<string>PBXFileReference</string>
			<key>lastKnownFileType</key>
			<string>sourcecode.c.h</string>
			<key>path</key>
			<string>XLCRandom.h</string>
			<key>sourceTree</key>
			<string>&lt;group&gt;</string>
		</dict>
		<key>0685002F1990DC6D0049F386</key>
		<dict>
			<key>fileEncoding</key>
			<string>4</string>
			<key>isa</key>
			<string>PBXFileReference</string>
			<key>lastKnownFileType</key>
			<string>sourcecode.cpp.objcpp</string>
			<key>path</key>
			<string>XLCRandom.mm</string>
			<key>sourceTree</key>
			<string>&lt;group&gt;</string>
		</dict>
		<key>068500301990DC6D0049F386</key>
		<dict>
			<key>fileRef</key>
			<string>0685002E1990DC6D0049F386</string>
			<key>isa</key>
			<string>PBXBuildFile</string>
		</dict>
		<key>068500311990DC6D0049F386</key>
		<dict>
			<key>fileRef</key>
			<string>0685002F1990DC6D0049F386</string>
			<key>isa</key>
			<string>PBXBuildFile</string>
		</dict>
		<key>068500321990DC6D0049F386</key>
		<dict>
			<key>fileRef</key>
			<string>0685002F1990DC6D0049F386</string>
			<key>isa</key>
			<string>PBXBuildFile</string>
		</dict>
		<key>068EED011930B5F400E58689</key>
		<dict>
			<key>children</key>
			<array>
				<string>068EED031930B63600E58689</string>
			</array>
			<key>isa</key>
			<string>PBXGroup</string>
			<key>name</key>
			<string>iOS</string>
			<key>sourceTree</key>
			<string>&lt;group&gt;</string>
		</dict>
		<key>068EED031930B63600E58689</key>
		<dict>
			<key>fileEncoding</key>
			<string>4</string>
			<key>isa</key>
			<string>PBXFileReference</string>
			<key>lastKnownFileType</key>
			<string>sourcecode.c.objc</string>
			<key>name</key>
			<string>UIKit+XLCXMLCreation.m</string>
			<key>path</key>
			<string>ios/UIKit+XLCXMLCreation.m</string>
			<key>sourceTree</key>
			<string>&lt;group&gt;</string>
		</dict>
		<key>068EED061930B71B00E58689</key>
		<dict>
			<key>buildActionMask</key>
			<string>2147483647</string>
			<key>files</key>
			<array>
				<string>068EED371930B77100E58689</string>
				<string>068EED2E1930B75700E58689</string>
				<string>068EED2F1930B75800E58689</string>
				<string>06E7887F19752316004AD435</string>
				<string>068EED301930B75A00E58689</string>
				<string>068EED311930B75B00E58689</string>
				<string>06DB5B9F1949971200F0D6AC</string>
				<string>068EED321930B75D00E58689</string>
				<string>068EED341930B76900E58689</string>
				<string>068500321990DC6D0049F386</string>
				<string>068EED331930B76400E58689</string>
				<string>068EED351930B76C00E58689</string>
				<string>068EED361930B76F00E58689</string>
			</array>
			<key>isa</key>
			<string>PBXSourcesBuildPhase</string>
			<key>runOnlyForDeploymentPostprocessing</key>
			<string>0</string>
		</dict>
		<key>068EED071930B71B00E58689</key>
		<dict>
			<key>buildActionMask</key>
			<string>2147483647</string>
			<key>files</key>
			<array>
				<string>068EED0C1930B71B00E58689</string>
				<string>8D87CA8961B0AA2B7A17602C</string>
			</array>
			<key>isa</key>
			<string>PBXFrameworksBuildPhase</string>
			<key>runOnlyForDeploymentPostprocessing</key>
			<string>0</string>
		</dict>
		<key>068EED081930B71B00E58689</key>
		<dict>
			<key>buildActionMask</key>
			<string>2147483647</string>
			<key>dstPath</key>
			<string>include/$(PRODUCT_NAME)</string>
			<key>dstSubfolderSpec</key>
			<string>16</string>
			<key>files</key>
			<array/>
			<key>isa</key>
			<string>PBXCopyFilesBuildPhase</string>
			<key>runOnlyForDeploymentPostprocessing</key>
			<string>0</string>
		</dict>
		<key>068EED091930B71B00E58689</key>
		<dict>
			<key>buildConfigurationList</key>
			<string>068EED281930B71C00E58689</string>
			<key>buildPhases</key>
			<array>
				<string>841C5D35D0504B8C8FC882F7</string>
				<string>068EED061930B71B00E58689</string>
				<string>068EED071930B71B00E58689</string>
				<string>068EED081930B71B00E58689</string>
				<string>154FD6923933402FA17B3974</string>
			</array>
			<key>buildRules</key>
			<array/>
			<key>dependencies</key>
			<array/>
			<key>isa</key>
			<string>PBXNativeTarget</string>
			<key>name</key>
			<string>XLCUtils-ios</string>
			<key>productName</key>
			<string>XLCUtils-ios</string>
			<key>productReference</key>
			<string>068EED0A1930B71B00E58689</string>
			<key>productType</key>
			<string>com.apple.product-type.library.static</string>
		</dict>
		<key>068EED0A1930B71B00E58689</key>
		<dict>
			<key>explicitFileType</key>
			<string>archive.ar</string>
			<key>includeInIndex</key>
			<string>0</string>
			<key>isa</key>
			<string>PBXFileReference</string>
			<key>path</key>
			<string>libXLCUtils-ios.a</string>
			<key>sourceTree</key>
			<string>BUILT_PRODUCTS_DIR</string>
		</dict>
		<key>068EED0B1930B71B00E58689</key>
		<dict>
			<key>isa</key>
			<string>PBXFileReference</string>
			<key>lastKnownFileType</key>
			<string>wrapper.framework</string>
			<key>name</key>
			<string>Foundation.framework</string>
			<key>path</key>
			<string>System/Library/Frameworks/Foundation.framework</string>
			<key>sourceTree</key>
			<string>SDKROOT</string>
		</dict>
		<key>068EED0C1930B71B00E58689</key>
		<dict>
			<key>fileRef</key>
			<string>068EED0B1930B71B00E58689</string>
			<key>isa</key>
			<string>PBXBuildFile</string>
		</dict>
		<key>068EED141930B71C00E58689</key>
		<dict>
			<key>buildActionMask</key>
			<string>2147483647</string>
			<key>files</key>
			<array>
				<string>06DB5BA21949C8A600F0D6AC</string>
				<string>068EED411930C5D600E58689</string>
				<string>068EED3B1930B8DE00E58689</string>
				<string>068EED3D1930B8DE00E58689</string>
				<string>06C259EE198C8B1000A13BDA</string>
				<string>068EED3E1930B8DE00E58689</string>
				<string>068EED3F1930B8DE00E58689</string>
			</array>
			<key>isa</key>
			<string>PBXSourcesBuildPhase</string>
			<key>runOnlyForDeploymentPostprocessing</key>
			<string>0</string>
		</dict>
		<key>068EED151930B71C00E58689</key>
		<dict>
			<key>buildActionMask</key>
			<string>2147483647</string>
			<key>files</key>
			<array>
				<string>068EED191930B71C00E58689</string>
				<string>068EED1C1930B71C00E58689</string>
				<string>068EED1A1930B71C00E58689</string>
				<string>068EED1F1930B71C00E58689</string>
			</array>
			<key>isa</key>
			<string>PBXFrameworksBuildPhase</string>
			<key>runOnlyForDeploymentPostprocessing</key>
			<string>0</string>
		</dict>
		<key>068EED161930B71C00E58689</key>
		<dict>
			<key>buildActionMask</key>
			<string>2147483647</string>
			<key>files</key>
			<array/>
			<key>isa</key>
			<string>PBXResourcesBuildPhase</string>
			<key>runOnlyForDeploymentPostprocessing</key>
			<string>0</string>
		</dict>
		<key>068EED171930B71C00E58689</key>
		<dict>
			<key>buildConfigurationList</key>
			<string>068EED2B1930B71C00E58689</string>
			<key>buildPhases</key>
			<array>
				<string>068EED141930B71C00E58689</string>
				<string>068EED151930B71C00E58689</string>
				<string>068EED161930B71C00E58689</string>
			</array>
			<key>buildRules</key>
			<array/>
			<key>dependencies</key>
			<array>
				<string>068EED1E1930B71C00E58689</string>
			</array>
			<key>isa</key>
			<string>PBXNativeTarget</string>
			<key>name</key>
			<string>XLCUtils-iosTests</string>
			<key>productName</key>
			<string>XLCUtils-iosTests</string>
			<key>productReference</key>
			<string>068EED181930B71C00E58689</string>
			<key>productType</key>
			<string>com.apple.product-type.bundle.unit-test</string>
		</dict>
		<key>068EED181930B71C00E58689</key>
		<dict>
			<key>explicitFileType</key>
			<string>wrapper.cfbundle</string>
			<key>includeInIndex</key>
			<string>0</string>
			<key>isa</key>
			<string>PBXFileReference</string>
			<key>path</key>
			<string>XLCUtils-iosTests.xctest</string>
			<key>sourceTree</key>
			<string>BUILT_PRODUCTS_DIR</string>
		</dict>
		<key>068EED191930B71C00E58689</key>
		<dict>
			<key>fileRef</key>
			<string>0692BC2C17D75723009BFC18</string>
			<key>isa</key>
			<string>PBXBuildFile</string>
		</dict>
		<key>068EED1A1930B71C00E58689</key>
		<dict>
			<key>fileRef</key>
			<string>068EED0B1930B71B00E58689</string>
			<key>isa</key>
			<string>PBXBuildFile</string>
		</dict>
		<key>068EED1B1930B71C00E58689</key>
		<dict>
			<key>isa</key>
			<string>PBXFileReference</string>
			<key>lastKnownFileType</key>
			<string>wrapper.framework</string>
			<key>name</key>
			<string>UIKit.framework</string>
			<key>path</key>
			<string>Library/Frameworks/UIKit.framework</string>
			<key>sourceTree</key>
			<string>DEVELOPER_DIR</string>
		</dict>
		<key>068EED1C1930B71C00E58689</key>
		<dict>
			<key>fileRef</key>
			<string>068EED1B1930B71C00E58689</string>
			<key>isa</key>
			<string>PBXBuildFile</string>
		</dict>
		<key>068EED1D1930B71C00E58689</key>
		<dict>
			<key>containerPortal</key>
			<string>0692BC1017D75723009BFC18</string>
			<key>isa</key>
			<string>PBXContainerItemProxy</string>
			<key>proxyType</key>
			<string>1</string>
			<key>remoteGlobalIDString</key>
			<string>068EED091930B71B00E58689</string>
			<key>remoteInfo</key>
			<string>XLCUtils-ios</string>
		</dict>
		<key>068EED1E1930B71C00E58689</key>
		<dict>
			<key>isa</key>
			<string>PBXTargetDependency</string>
			<key>target</key>
			<string>068EED091930B71B00E58689</string>
			<key>targetProxy</key>
			<string>068EED1D1930B71C00E58689</string>
		</dict>
		<key>068EED1F1930B71C00E58689</key>
		<dict>
			<key>fileRef</key>
			<string>068EED0A1930B71B00E58689</string>
			<key>isa</key>
			<string>PBXBuildFile</string>
		</dict>
		<key>068EED281930B71C00E58689</key>
		<dict>
			<key>buildConfigurations</key>
			<array>
				<string>068EED291930B71C00E58689</string>
				<string>068EED2A1930B71C00E58689</string>
			</array>
			<key>defaultConfigurationIsVisible</key>
			<string>0</string>
			<key>defaultConfigurationName</key>
			<string>Release</string>
			<key>isa</key>
			<string>XCConfigurationList</string>
		</dict>
		<key>068EED291930B71C00E58689</key>
		<dict>
			<key>baseConfigurationReference</key>
			<string>1BA67931938AB76627DA6C36</string>
			<key>buildSettings</key>
			<dict>
				<key>CLANG_CXX_LANGUAGE_STANDARD</key>
				<string>gnu++0x</string>
				<key>DSTROOT</key>
				<string>/tmp/XLCUtils_ios.dst</string>
				<key>GCC_PRECOMPILE_PREFIX_HEADER</key>
				<string>YES</string>
				<key>GCC_PREFIX_HEADER</key>
				<string>XLCUtils/XLCUtils-ios-Prefix.pch</string>
				<key>GCC_PREPROCESSOR_DEFINITIONS</key>
				<array>
					<string>DEBUG=1</string>
					<string>$(inherited)</string>
				</array>
				<key>GCC_WARN_UNINITIALIZED_AUTOS</key>
				<string>YES_AGGRESSIVE</string>
				<key>IPHONEOS_DEPLOYMENT_TARGET</key>
				<string>7.1</string>
				<key>LIBRARY_SEARCH_PATHS</key>
				<array>
					<string>$(inherited)</string>
					<string>$(PROJECT_DIR)/Pods/build/Debug-iphoneos</string>
				</array>
				<key>PRODUCT_NAME</key>
				<string>$(TARGET_NAME)</string>
				<key>SDKROOT</key>
				<string>iphoneos</string>
				<key>SKIP_INSTALL</key>
				<string>YES</string>
			</dict>
			<key>isa</key>
			<string>XCBuildConfiguration</string>
			<key>name</key>
			<string>Debug</string>
		</dict>
		<key>068EED2A1930B71C00E58689</key>
		<dict>
			<key>baseConfigurationReference</key>
			<string>694D6A8A731B623E3716A3B1</string>
			<key>buildSettings</key>
			<dict>
				<key>CLANG_CXX_LANGUAGE_STANDARD</key>
				<string>gnu++0x</string>
				<key>DSTROOT</key>
				<string>/tmp/XLCUtils_ios.dst</string>
				<key>GCC_PRECOMPILE_PREFIX_HEADER</key>
				<string>YES</string>
				<key>GCC_PREFIX_HEADER</key>
				<string>XLCUtils/XLCUtils-ios-Prefix.pch</string>
				<key>GCC_WARN_UNINITIALIZED_AUTOS</key>
				<string>YES_AGGRESSIVE</string>
				<key>IPHONEOS_DEPLOYMENT_TARGET</key>
				<string>7.1</string>
				<key>LIBRARY_SEARCH_PATHS</key>
				<array>
					<string>$(inherited)</string>
					<string>$(PROJECT_DIR)/Pods/build/Debug-iphoneos</string>
				</array>
				<key>PRODUCT_NAME</key>
				<string>$(TARGET_NAME)</string>
				<key>SDKROOT</key>
				<string>iphoneos</string>
				<key>SKIP_INSTALL</key>
				<string>YES</string>
				<key>VALIDATE_PRODUCT</key>
				<string>YES</string>
			</dict>
			<key>isa</key>
			<string>XCBuildConfiguration</string>
			<key>name</key>
			<string>Release</string>
		</dict>
		<key>068EED2B1930B71C00E58689</key>
		<dict>
			<key>buildConfigurations</key>
			<array>
				<string>068EED2C1930B71C00E58689</string>
				<string>068EED2D1930B71C00E58689</string>
			</array>
			<key>defaultConfigurationIsVisible</key>
			<string>0</string>
			<key>defaultConfigurationName</key>
			<string>Release</string>
			<key>isa</key>
			<string>XCConfigurationList</string>
		</dict>
		<key>068EED2C1930B71C00E58689</key>
		<dict>
			<key>buildSettings</key>
			<dict>
				<key>CLANG_CXX_LANGUAGE_STANDARD</key>
				<string>c++1y</string>
				<key>FRAMEWORK_SEARCH_PATHS</key>
				<array>
					<string>$(SDKROOT)/Developer/Library/Frameworks</string>
					<string>$(inherited)</string>
					<string>$(DEVELOPER_FRAMEWORKS_DIR)</string>
				</array>
				<key>GCC_PRECOMPILE_PREFIX_HEADER</key>
				<string>YES</string>
				<key>GCC_PREFIX_HEADER</key>
				<string>XLCUtils/XLCUtils-ios-Prefix.pch</string>
				<key>GCC_PREPROCESSOR_DEFINITIONS</key>
				<array>
					<string>DEBUG=1</string>
					<string>$(inherited)</string>
				</array>
				<key>GCC_WARN_UNINITIALIZED_AUTOS</key>
				<string>YES_AGGRESSIVE</string>
				<key>INFOPLIST_FILE</key>
				<string>XLCUtils/XLCUtils-iosTests-Info.plist</string>
				<key>IPHONEOS_DEPLOYMENT_TARGET</key>
				<string>7.1</string>
				<key>OTHER_LDFLAGS</key>
				<array>
					<string>$(inherited)</string>
					<string>-framework</string>
					<string>XCTest</string>
					<string>-ObjC</string>
				</array>
				<key>PRODUCT_NAME</key>
				<string>$(TARGET_NAME)</string>
				<key>SDKROOT</key>
				<string>iphoneos</string>
				<key>WRAPPER_EXTENSION</key>
				<string>xctest</string>
			</dict>
			<key>isa</key>
			<string>XCBuildConfiguration</string>
			<key>name</key>
			<string>Debug</string>
		</dict>
		<key>068EED2D1930B71C00E58689</key>
		<dict>
			<key>buildSettings</key>
			<dict>
				<key>CLANG_CXX_LANGUAGE_STANDARD</key>
				<string>c++1y</string>
				<key>FRAMEWORK_SEARCH_PATHS</key>
				<array>
					<string>$(SDKROOT)/Developer/Library/Frameworks</string>
					<string>$(inherited)</string>
					<string>$(DEVELOPER_FRAMEWORKS_DIR)</string>
				</array>
				<key>GCC_PRECOMPILE_PREFIX_HEADER</key>
				<string>YES</string>
				<key>GCC_PREFIX_HEADER</key>
				<string>XLCUtils/XLCUtils-ios-Prefix.pch</string>
				<key>GCC_WARN_UNINITIALIZED_AUTOS</key>
				<string>YES_AGGRESSIVE</string>
				<key>INFOPLIST_FILE</key>
				<string>XLCUtils/XLCUtils-iosTests-Info.plist</string>
				<key>IPHONEOS_DEPLOYMENT_TARGET</key>
				<string>7.1</string>
				<key>OTHER_LDFLAGS</key>
				<array>
					<string>$(inherited)</string>
					<string>-framework</string>
					<string>XCTest</string>
					<string>-ObjC</string>
				</array>
				<key>PRODUCT_NAME</key>
				<string>$(TARGET_NAME)</string>
				<key>SDKROOT</key>
				<string>iphoneos</string>
				<key>VALIDATE_PRODUCT</key>
				<string>YES</string>
				<key>WRAPPER_EXTENSION</key>
				<string>xctest</string>
			</dict>
			<key>isa</key>
			<string>XCBuildConfiguration</string>
			<key>name</key>
			<string>Release</string>
		</dict>
		<key>068EED2E1930B75700E58689</key>
		<dict>
			<key>fileRef</key>
			<string>06208BD017E1C4EC00F60D39</string>
			<key>isa</key>
			<string>PBXBuildFile</string>
		</dict>
		<key>068EED2F1930B75800E58689</key>
		<dict>
			<key>fileRef</key>
			<string>0692BC5117D897FE009BFC18</string>
			<key>isa</key>
			<string>PBXBuildFile</string>
		</dict>
		<key>068EED301930B75A00E58689</key>
		<dict>
			<key>fileRef</key>
			<string>0692BC5517D8993A009BFC18</string>
			<key>isa</key>
			<string>PBXBuildFile</string>
		</dict>
		<key>068EED311930B75B00E58689</key>
		<dict>
			<key>fileRef</key>
			<string>06208BD417E1C53D00F60D39</string>
			<key>isa</key>
			<string>PBXBuildFile</string>
			<key>settings</key>
			<dict>
				<key>COMPILER_FLAGS</key>
				<string>-fno-objc-arc</string>
			</dict>
		</dict>
		<key>068EED321930B75D00E58689</key>
		<dict>
			<key>fileRef</key>
			<string>06F50AA519068C06000E5D58</string>
			<key>isa</key>
			<string>PBXBuildFile</string>
		</dict>
		<key>068EED331930B76400E58689</key>
		<dict>
			<key>fileRef</key>
			<string>0692BC4917D87851009BFC18</string>
			<key>isa</key>
			<string>PBXBuildFile</string>
		</dict>
		<key>068EED341930B76900E58689</key>
		<dict>
			<key>fileRef</key>
			<string>0692BC4417D873CF009BFC18</string>
			<key>isa</key>
			<string>PBXBuildFile</string>
		</dict>
		<key>068EED351930B76C00E58689</key>
		<dict>
			<key>fileRef</key>
			<string>068EED031930B63600E58689</string>
			<key>isa</key>
			<string>PBXBuildFile</string>
		</dict>
		<key>068EED361930B76F00E58689</key>
		<dict>
			<key>fileRef</key>
			<string>0622A51D18E805B7008E2A93</string>
			<key>isa</key>
			<string>PBXBuildFile</string>
		</dict>
		<key>068EED371930B77100E58689</key>
		<dict>
			<key>fileRef</key>
			<string>0622A54E18F6911A008E2A93</string>
			<key>isa</key>
			<string>PBXBuildFile</string>
		</dict>
		<key>068EED381930B7B300E58689</key>
		<dict>
			<key>fileEncoding</key>
			<string>4</string>
			<key>isa</key>
			<string>PBXFileReference</string>
			<key>lastKnownFileType</key>
			<string>sourcecode.c.h</string>
			<key>path</key>
			<string>XLCUtils-ios-Prefix.pch</string>
			<key>sourceTree</key>
			<string>&lt;group&gt;</string>
		</dict>
		<key>068EED391930B7CC00E58689</key>
		<dict>
			<key>fileEncoding</key>
			<string>4</string>
			<key>isa</key>
			<string>PBXFileReference</string>
			<key>lastKnownFileType</key>
			<string>text.plist.xml</string>
			<key>name</key>
			<string>XLCUtils-iosTests-Info.plist</string>
			<key>path</key>
			<string>XLCUtils/XLCUtils-iosTests-Info.plist</string>
			<key>sourceTree</key>
			<string>SOURCE_ROOT</string>
		</dict>
		<key>068EED3B1930B8DE00E58689</key>
		<dict>
			<key>fileRef</key>
			<string>0622A54818E8144C008E2A93</string>
			<key>isa</key>
			<string>PBXBuildFile</string>
		</dict>
		<key>068EED3D1930B8DE00E58689</key>
		<dict>
			<key>fileRef</key>
			<string>06F50AAA1907C167000E5D58</string>
			<key>isa</key>
			<string>PBXBuildFile</string>
		</dict>
		<key>068EED3E1930B8DE00E58689</key>
		<dict>
			<key>fileRef</key>
			<string>06F50AB0190A9D08000E5D58</string>
			<key>isa</key>
			<string>PBXBuildFile</string>
		</dict>
		<key>068EED3F1930B8DE00E58689</key>
		<dict>
			<key>fileRef</key>
			<string>062538EF190CDB88007FD1C4</string>
			<key>isa</key>
			<string>PBXBuildFile</string>
		</dict>
		<key>068EED401930C5D600E58689</key>
		<dict>
			<key>fileEncoding</key>
			<string>4</string>
			<key>isa</key>
			<string>PBXFileReference</string>
			<key>lastKnownFileType</key>
			<string>sourcecode.c.objc</string>
			<key>path</key>
			<string>XLCUIKitXMLCreationTests.m</string>
			<key>sourceTree</key>
			<string>&lt;group&gt;</string>
		</dict>
		<key>068EED411930C5D600E58689</key>
		<dict>
			<key>fileRef</key>
			<string>068EED401930C5D600E58689</string>
			<key>isa</key>
			<string>PBXBuildFile</string>
		</dict>
		<key>0692BC0F17D75723009BFC18</key>
		<dict>
			<key>children</key>
			<array>
				<string>0692BC2117D75723009BFC18</string>
				<string>0692BC3217D75723009BFC18</string>
				<string>0692BC1A17D75723009BFC18</string>
				<string>0692BC1917D75723009BFC18</string>
				<string>E04418457ADC8629275288D9</string>
			</array>
			<key>isa</key>
			<string>PBXGroup</string>
			<key>sourceTree</key>
			<string>&lt;group&gt;</string>
		</dict>
		<key>0692BC1017D75723009BFC18</key>
		<dict>
			<key>attributes</key>
			<dict>
				<key>LastUpgradeCheck</key>
				<string>0610</string>
				<key>ORGANIZATIONNAME</key>
				<string>Xiliang Chen</string>
			</dict>
			<key>buildConfigurationList</key>
			<string>0692BC1317D75723009BFC18</string>
			<key>compatibilityVersion</key>
			<string>Xcode 3.2</string>
			<key>developmentRegion</key>
			<string>English</string>
			<key>hasScannedForEncodings</key>
			<string>0</string>
			<key>isa</key>
			<string>PBXProject</string>
			<key>knownRegions</key>
			<array>
				<string>en</string>
			</array>
			<key>mainGroup</key>
			<string>0692BC0F17D75723009BFC18</string>
			<key>productRefGroup</key>
			<string>0692BC1917D75723009BFC18</string>
			<key>projectDirPath</key>
			<string></string>
			<key>projectReferences</key>
			<array/>
			<key>projectRoot</key>
			<string></string>
			<key>targets</key>
			<array>
				<string>0692BC1717D75723009BFC18</string>
				<string>0692BC2A17D75723009BFC18</string>
				<string>068EED091930B71B00E58689</string>
				<string>068EED171930B71C00E58689</string>
			</array>
		</dict>
		<key>0692BC1317D75723009BFC18</key>
		<dict>
			<key>buildConfigurations</key>
			<array>
				<string>0692BC3A17D75723009BFC18</string>
				<string>0692BC3B17D75723009BFC18</string>
			</array>
			<key>defaultConfigurationIsVisible</key>
			<string>0</string>
			<key>defaultConfigurationName</key>
			<string>Release</string>
			<key>isa</key>
			<string>XCConfigurationList</string>
		</dict>
		<key>0692BC1417D75723009BFC18</key>
		<dict>
			<key>buildActionMask</key>
			<string>2147483647</string>
			<key>files</key>
			<array>
				<string>0692BC5717D8993A009BFC18</string>
				<string>0622A55018F6911A008E2A93</string>
				<string>0692BC5317D897FE009BFC18</string>
				<string>06E7887E19752316004AD435</string>
				<string>06F50AA719068C06000E5D58</string>
				<string>06B443A0190384A5006F7245</string>
				<string>06DB5B9E1949971200F0D6AC</string>
				<string>06208BD217E1C4EC00F60D39</string>
				<string>0692BC4B17D87851009BFC18</string>
				<string>068500311990DC6D0049F386</string>
				<string>06208BD617E1C53D00F60D39</string>
				<string>0692BC4617D873CF009BFC18</string>
				<string>0622A51F18E805B7008E2A93</string>
			</array>
			<key>isa</key>
			<string>PBXSourcesBuildPhase</string>
			<key>runOnlyForDeploymentPostprocessing</key>
			<string>0</string>
		</dict>
		<key>0692BC1517D75723009BFC18</key>
		<dict>
			<key>buildActionMask</key>
			<string>2147483647</string>
			<key>files</key>
			<array>
				<string>0692BC1C17D75723009BFC18</string>
				<string>5856D283037A40C384709878</string>
			</array>
			<key>isa</key>
			<string>PBXFrameworksBuildPhase</string>
			<key>runOnlyForDeploymentPostprocessing</key>
			<string>0</string>
		</dict>
		<key>0692BC1617D75723009BFC18</key>
		<dict>
			<key>buildActionMask</key>
			<string>2147483647</string>
			<key>files</key>
			<array>
				<string>0692BC4517D873CF009BFC18</string>
				<string>0692BC4A17D87851009BFC18</string>
				<string>0622A51E18E805B7008E2A93</string>
				<string>06208BD117E1C4EC00F60D39</string>
				<string>06208BD517E1C53D00F60D39</string>
				<string>0692BC5217D897FE009BFC18</string>
				<string>06F50AA619068C06000E5D58</string>
				<string>06DB5B9D1949971200F0D6AC</string>
				<string>068500301990DC6D0049F386</string>
				<string>06E7887D19752316004AD435</string>
				<string>0692BC5617D8993A009BFC18</string>
			</array>
			<key>isa</key>
			<string>PBXHeadersBuildPhase</string>
			<key>runOnlyForDeploymentPostprocessing</key>
			<string>0</string>
		</dict>
		<key>0692BC1717D75723009BFC18</key>
		<dict>
			<key>buildConfigurationList</key>
			<string>0692BC3C17D75723009BFC18</string>
			<key>buildPhases</key>
			<array>
				<string>E907FCF6E8954225AD7C20B7</string>
				<string>0692BC1417D75723009BFC18</string>
				<string>0692BC1517D75723009BFC18</string>
				<string>0692BC1617D75723009BFC18</string>
				<string>7C7161B250764CBAB4130C98</string>
			</array>
			<key>buildRules</key>
			<array/>
			<key>dependencies</key>
			<array/>
			<key>isa</key>
			<string>PBXNativeTarget</string>
			<key>name</key>
			<string>XLCUtils</string>
			<key>productName</key>
			<string>XLCUtils</string>
			<key>productReference</key>
			<string>0692BC1817D75723009BFC18</string>
			<key>productType</key>
			<string>com.apple.product-type.library.static</string>
		</dict>
		<key>0692BC1817D75723009BFC18</key>
		<dict>
			<key>explicitFileType</key>
			<string>archive.ar</string>
			<key>includeInIndex</key>
			<string>0</string>
			<key>isa</key>
			<string>PBXFileReference</string>
			<key>path</key>
			<string>libXLCUtils.a</string>
			<key>sourceTree</key>
			<string>BUILT_PRODUCTS_DIR</string>
		</dict>
		<key>0692BC1917D75723009BFC18</key>
		<dict>
			<key>children</key>
			<array>
				<string>0692BC1817D75723009BFC18</string>
				<string>0692BC2B17D75723009BFC18</string>
				<string>068EED0A1930B71B00E58689</string>
				<string>068EED181930B71C00E58689</string>
			</array>
			<key>isa</key>
			<string>PBXGroup</string>
			<key>name</key>
			<string>Products</string>
			<key>sourceTree</key>
			<string>&lt;group&gt;</string>
		</dict>
		<key>0692BC1A17D75723009BFC18</key>
		<dict>
			<key>children</key>
			<array>
				<string>0692BC1B17D75723009BFC18</string>
				<string>0692BC2C17D75723009BFC18</string>
				<string>068EED0B1930B71B00E58689</string>
				<string>068EED1B1930B71C00E58689</string>
				<string>0692BC1D17D75723009BFC18</string>
				<string>598831F8A59F47BC946C830D</string>
				<string>3E013B9FC4C64759AEE208D7</string>
			</array>
			<key>isa</key>
			<string>PBXGroup</string>
			<key>name</key>
			<string>Frameworks</string>
			<key>sourceTree</key>
			<string>&lt;group&gt;</string>
		</dict>
		<key>0692BC1B17D75723009BFC18</key>
		<dict>
			<key>isa</key>
			<string>PBXFileReference</string>
			<key>lastKnownFileType</key>
			<string>wrapper.framework</string>
			<key>name</key>
			<string>Cocoa.framework</string>
			<key>path</key>
			<string>System/Library/Frameworks/Cocoa.framework</string>
			<key>sourceTree</key>
			<string>SDKROOT</string>
		</dict>
		<key>0692BC1C17D75723009BFC18</key>
		<dict>
			<key>fileRef</key>
			<string>0692BC1B17D75723009BFC18</string>
			<key>isa</key>
			<string>PBXBuildFile</string>
		</dict>
		<key>0692BC1D17D75723009BFC18</key>
		<dict>
			<key>children</key>
			<array>
				<string>0692BC1E17D75723009BFC18</string>
				<string>0692BC1F17D75723009BFC18</string>
				<string>0692BC2017D75723009BFC18</string>
			</array>
			<key>isa</key>
			<string>PBXGroup</string>
			<key>name</key>
			<string>Other Frameworks</string>
			<key>sourceTree</key>
			<string>&lt;group&gt;</string>
		</dict>
		<key>0692BC1E17D75723009BFC18</key>
		<dict>
			<key>isa</key>
			<string>PBXFileReference</string>
			<key>lastKnownFileType</key>
			<string>wrapper.framework</string>
			<key>name</key>
			<string>Foundation.framework</string>
			<key>path</key>
			<string>System/Library/Frameworks/Foundation.framework</string>
			<key>sourceTree</key>
			<string>SDKROOT</string>
		</dict>
		<key>0692BC1F17D75723009BFC18</key>
		<dict>
			<key>isa</key>
			<string>PBXFileReference</string>
			<key>lastKnownFileType</key>
			<string>wrapper.framework</string>
			<key>name</key>
			<string>CoreData.framework</string>
			<key>path</key>
			<string>System/Library/Frameworks/CoreData.framework</string>
			<key>sourceTree</key>
			<string>SDKROOT</string>
		</dict>
		<key>0692BC2017D75723009BFC18</key>
		<dict>
			<key>isa</key>
			<string>PBXFileReference</string>
			<key>lastKnownFileType</key>
			<string>wrapper.framework</string>
			<key>name</key>
			<string>AppKit.framework</string>
			<key>path</key>
			<string>System/Library/Frameworks/AppKit.framework</string>
			<key>sourceTree</key>
			<string>SDKROOT</string>
		</dict>
		<key>0692BC2117D75723009BFC18</key>
		<dict>
			<key>children</key>
			<array>
				<string>0674ACDB1852CDA0004491AD</string>
				<string>06F50AAC190A9B36000E5D58</string>
				<string>0692BC4F17D897E3009BFC18</string>
				<string>0692BC4717D87825009BFC18</string>
				<string>0692BC4217D87399009BFC18</string>
				<string>0622A51B18E7F9AF008E2A93</string>
				<string>06DB5B9A194996E800F0D6AC</string>
				<string>0692BC2217D75723009BFC18</string>
			</array>
			<key>isa</key>
			<string>PBXGroup</string>
			<key>path</key>
			<string>XLCUtils</string>
			<key>sourceTree</key>
			<string>&lt;group&gt;</string>
		</dict>
		<key>0692BC2217D75723009BFC18</key>
		<dict>
			<key>children</key>
			<array>
				<string>0692BC2317D75723009BFC18</string>
				<string>068EED381930B7B300E58689</string>
			</array>
			<key>isa</key>
			<string>PBXGroup</string>
			<key>name</key>
			<string>Supporting Files</string>
			<key>sourceTree</key>
			<string>&lt;group&gt;</string>
		</dict>
		<key>0692BC2317D75723009BFC18</key>
		<dict>
			<key>isa</key>
			<string>PBXFileReference</string>
			<key>lastKnownFileType</key>
			<string>sourcecode.c.h</string>
			<key>path</key>
			<string>XLCUtils-Prefix.pch</string>
			<key>sourceTree</key>
			<string>&lt;group&gt;</string>
		</dict>
		<key>0692BC2717D75723009BFC18</key>
		<dict>
			<key>buildActionMask</key>
			<string>2147483647</string>
			<key>files</key>
			<array>
				<string>06DB5BA11949C8A600F0D6AC</string>
				<string>06F50AAB1907C167000E5D58</string>
				<string>06B443A319039932006F7245</string>
				<string>0622A54918E8144C008E2A93</string>
				<string>06C259ED198C8B1000A13BDA</string>
				<string>06F50AB1190A9D08000E5D58</string>
				<string>062538F0190CDB88007FD1C4</string>
			</array>
			<key>isa</key>
			<string>PBXSourcesBuildPhase</string>
			<key>runOnlyForDeploymentPostprocessing</key>
			<string>0</string>
		</dict>
		<key>0692BC2817D75723009BFC18</key>
		<dict>
			<key>buildActionMask</key>
			<string>2147483647</string>
			<key>files</key>
			<array>
				<string>0692BC2E17D75723009BFC18</string>
				<string>0692BC3117D75723009BFC18</string>
				<string>0692BC2D17D75723009BFC18</string>
			</array>
			<key>isa</key>
			<string>PBXFrameworksBuildPhase</string>
			<key>runOnlyForDeploymentPostprocessing</key>
			<string>0</string>
		</dict>
		<key>0692BC2917D75723009BFC18</key>
		<dict>
			<key>buildActionMask</key>
			<string>2147483647</string>
			<key>files</key>
			<array>
				<string>0692BC3717D75723009BFC18</string>
			</array>
			<key>isa</key>
			<string>PBXResourcesBuildPhase</string>
			<key>runOnlyForDeploymentPostprocessing</key>
			<string>0</string>
		</dict>
		<key>0692BC2A17D75723009BFC18</key>
		<dict>
			<key>buildConfigurationList</key>
			<string>0692BC3F17D75723009BFC18</string>
			<key>buildPhases</key>
			<array>
				<string>0692BC2717D75723009BFC18</string>
				<string>0692BC2817D75723009BFC18</string>
				<string>0692BC2917D75723009BFC18</string>
			</array>
			<key>buildRules</key>
			<array/>
			<key>dependencies</key>
			<array>
				<string>0692BC3017D75723009BFC18</string>
			</array>
			<key>isa</key>
			<string>PBXNativeTarget</string>
			<key>name</key>
			<string>XLCUtilsTests</string>
			<key>productName</key>
			<string>XLCUtilsTests</string>
			<key>productReference</key>
			<string>0692BC2B17D75723009BFC18</string>
			<key>productType</key>
			<string>com.apple.product-type.bundle.unit-test</string>
		</dict>
		<key>0692BC2B17D75723009BFC18</key>
		<dict>
			<key>explicitFileType</key>
			<string>wrapper.cfbundle</string>
			<key>includeInIndex</key>
			<string>0</string>
			<key>isa</key>
			<string>PBXFileReference</string>
			<key>path</key>
			<string>XLCUtilsTests.xctest</string>
			<key>sourceTree</key>
			<string>BUILT_PRODUCTS_DIR</string>
		</dict>
		<key>0692BC2C17D75723009BFC18</key>
		<dict>
			<key>isa</key>
			<string>PBXFileReference</string>
			<key>lastKnownFileType</key>
			<string>wrapper.framework</string>
			<key>name</key>
			<string>XCTest.framework</string>
			<key>path</key>
			<string>Library/Frameworks/XCTest.framework</string>
			<key>sourceTree</key>
			<string>DEVELOPER_DIR</string>
		</dict>
		<key>0692BC2D17D75723009BFC18</key>
		<dict>
			<key>fileRef</key>
			<string>0692BC2C17D75723009BFC18</string>
			<key>isa</key>
			<string>PBXBuildFile</string>
		</dict>
		<key>0692BC2E17D75723009BFC18</key>
		<dict>
			<key>fileRef</key>
			<string>0692BC1B17D75723009BFC18</string>
			<key>isa</key>
			<string>PBXBuildFile</string>
		</dict>
		<key>0692BC2F17D75723009BFC18</key>
		<dict>
			<key>containerPortal</key>
			<string>0692BC1017D75723009BFC18</string>
			<key>isa</key>
			<string>PBXContainerItemProxy</string>
			<key>proxyType</key>
			<string>1</string>
			<key>remoteGlobalIDString</key>
			<string>0692BC1717D75723009BFC18</string>
			<key>remoteInfo</key>
			<string>XLCUtils</string>
		</dict>
		<key>0692BC3017D75723009BFC18</key>
		<dict>
			<key>isa</key>
			<string>PBXTargetDependency</string>
			<key>target</key>
			<string>0692BC1717D75723009BFC18</string>
			<key>targetProxy</key>
			<string>0692BC2F17D75723009BFC18</string>
		</dict>
		<key>0692BC3117D75723009BFC18</key>
		<dict>
			<key>fileRef</key>
			<string>0692BC1817D75723009BFC18</string>
			<key>isa</key>
			<string>PBXBuildFile</string>
		</dict>
		<key>0692BC3217D75723009BFC18</key>
		<dict>
			<key>children</key>
			<array>
				<string>0622A54818E8144C008E2A93</string>
				<string>06B443A219039932006F7245</string>
				<string>068EED401930C5D600E58689</string>
				<string>06F50AAA1907C167000E5D58</string>
				<string>06F50AB0190A9D08000E5D58</string>
				<string>062538EF190CDB88007FD1C4</string>
				<string>06DB5BA01949C8A600F0D6AC</string>
				<string>06C259EC198C8B1000A13BDA</string>
				<string>0692BC3317D75723009BFC18</string>
			</array>
			<key>isa</key>
			<string>PBXGroup</string>
			<key>path</key>
			<string>XLCUtilsTests</string>
			<key>sourceTree</key>
			<string>&lt;group&gt;</string>
		</dict>
		<key>0692BC3317D75723009BFC18</key>
		<dict>
			<key>children</key>
			<array>
				<string>0692BC3417D75723009BFC18</string>
				<string>068EED391930B7CC00E58689</string>
				<string>0692BC3517D75723009BFC18</string>
			</array>
			<key>isa</key>
			<string>PBXGroup</string>
			<key>name</key>
			<string>Supporting Files</string>
			<key>sourceTree</key>
			<string>&lt;group&gt;</string>
		</dict>
		<key>0692BC3417D75723009BFC18</key>
		<dict>
			<key>isa</key>
			<string>PBXFileReference</string>
			<key>lastKnownFileType</key>
			<string>text.plist.xml</string>
			<key>path</key>
			<string>XLCUtilsTests-Info.plist</string>
			<key>sourceTree</key>
			<string>&lt;group&gt;</string>
		</dict>
		<key>0692BC3517D75723009BFC18</key>
		<dict>
			<key>children</key>
			<array>
				<string>0692BC3617D75723009BFC18</string>
			</array>
			<key>isa</key>
			<string>PBXVariantGroup</string>
			<key>name</key>
			<string>InfoPlist.strings</string>
			<key>sourceTree</key>
			<string>&lt;group&gt;</string>
		</dict>
		<key>0692BC3617D75723009BFC18</key>
		<dict>
			<key>isa</key>
			<string>PBXFileReference</string>
			<key>lastKnownFileType</key>
			<string>text.plist.strings</string>
			<key>name</key>
			<string>en</string>
			<key>path</key>
			<string>en.lproj/InfoPlist.strings</string>
			<key>sourceTree</key>
			<string>&lt;group&gt;</string>
		</dict>
		<key>0692BC3717D75723009BFC18</key>
		<dict>
			<key>fileRef</key>
			<string>0692BC3517D75723009BFC18</string>
			<key>isa</key>
			<string>PBXBuildFile</string>
		</dict>
		<key>0692BC3A17D75723009BFC18</key>
		<dict>
			<key>buildSettings</key>
			<dict>
				<key>ALWAYS_SEARCH_USER_PATHS</key>
				<string>NO</string>
				<key>CLANG_CXX_LANGUAGE_STANDARD</key>
				<string>gnu++0x</string>
				<key>CLANG_CXX_LIBRARY</key>
				<string>libc++</string>
				<key>CLANG_ENABLE_MODULES</key>
				<string>YES</string>
				<key>CLANG_ENABLE_OBJC_ARC</key>
				<string>YES</string>
				<key>CLANG_WARN_BOOL_CONVERSION</key>
				<string>YES</string>
				<key>CLANG_WARN_CONSTANT_CONVERSION</key>
				<string>YES</string>
				<key>CLANG_WARN_DIRECT_OBJC_ISA_USAGE</key>
				<string>YES_ERROR</string>
				<key>CLANG_WARN_EMPTY_BODY</key>
				<string>YES</string>
				<key>CLANG_WARN_ENUM_CONVERSION</key>
				<string>YES</string>
				<key>CLANG_WARN_INT_CONVERSION</key>
				<string>YES</string>
				<key>CLANG_WARN_OBJC_ROOT_CLASS</key>
				<string>YES_ERROR</string>
				<key>CLANG_WARN__DUPLICATE_METHOD_MATCH</key>
				<string>YES</string>
				<key>COPY_PHASE_STRIP</key>
				<string>NO</string>
				<key>GCC_C_LANGUAGE_STANDARD</key>
				<string>gnu99</string>
				<key>GCC_DYNAMIC_NO_PIC</key>
				<string>NO</string>
				<key>GCC_ENABLE_OBJC_EXCEPTIONS</key>
				<string>YES</string>
				<key>GCC_OPTIMIZATION_LEVEL</key>
				<string>0</string>
				<key>GCC_PREPROCESSOR_DEFINITIONS</key>
				<array>
					<string>DEBUG=1</string>
					<string>$(inherited)</string>
				</array>
				<key>GCC_SYMBOLS_PRIVATE_EXTERN</key>
				<string>NO</string>
				<key>GCC_WARN_64_TO_32_BIT_CONVERSION</key>
				<string>YES</string>
				<key>GCC_WARN_ABOUT_RETURN_TYPE</key>
				<string>YES_ERROR</string>
				<key>GCC_WARN_UNDECLARED_SELECTOR</key>
				<string>YES</string>
				<key>GCC_WARN_UNINITIALIZED_AUTOS</key>
				<string>YES</string>
				<key>GCC_WARN_UNUSED_FUNCTION</key>
				<string>YES</string>
				<key>GCC_WARN_UNUSED_VARIABLE</key>
				<string>YES</string>
				<key>MACOSX_DEPLOYMENT_TARGET</key>
				<string>10.8</string>
				<key>ONLY_ACTIVE_ARCH</key>
				<string>YES</string>
				<key>SDKROOT</key>
				<string>macosx</string>
			</dict>
			<key>isa</key>
			<string>XCBuildConfiguration</string>
			<key>name</key>
			<string>Debug</string>
		</dict>
		<key>0692BC3B17D75723009BFC18</key>
		<dict>
			<key>buildSettings</key>
			<dict>
				<key>ALWAYS_SEARCH_USER_PATHS</key>
				<string>NO</string>
				<key>CLANG_CXX_LANGUAGE_STANDARD</key>
				<string>gnu++0x</string>
				<key>CLANG_CXX_LIBRARY</key>
				<string>libc++</string>
				<key>CLANG_ENABLE_MODULES</key>
				<string>YES</string>
				<key>CLANG_ENABLE_OBJC_ARC</key>
				<string>YES</string>
				<key>CLANG_WARN_BOOL_CONVERSION</key>
				<string>YES</string>
				<key>CLANG_WARN_CONSTANT_CONVERSION</key>
				<string>YES</string>
				<key>CLANG_WARN_DIRECT_OBJC_ISA_USAGE</key>
				<string>YES_ERROR</string>
				<key>CLANG_WARN_EMPTY_BODY</key>
				<string>YES</string>
				<key>CLANG_WARN_ENUM_CONVERSION</key>
				<string>YES</string>
				<key>CLANG_WARN_INT_CONVERSION</key>
				<string>YES</string>
				<key>CLANG_WARN_OBJC_ROOT_CLASS</key>
				<string>YES_ERROR</string>
				<key>CLANG_WARN__DUPLICATE_METHOD_MATCH</key>
				<string>YES</string>
				<key>COPY_PHASE_STRIP</key>
				<string>YES</string>
				<key>DEBUG_INFORMATION_FORMAT</key>
				<string>dwarf-with-dsym</string>
				<key>ENABLE_NS_ASSERTIONS</key>
				<string>NO</string>
				<key>GCC_C_LANGUAGE_STANDARD</key>
				<string>gnu99</string>
				<key>GCC_ENABLE_OBJC_EXCEPTIONS</key>
				<string>YES</string>
				<key>GCC_WARN_64_TO_32_BIT_CONVERSION</key>
				<string>YES</string>
				<key>GCC_WARN_ABOUT_RETURN_TYPE</key>
				<string>YES_ERROR</string>
				<key>GCC_WARN_UNDECLARED_SELECTOR</key>
				<string>YES</string>
				<key>GCC_WARN_UNINITIALIZED_AUTOS</key>
				<string>YES</string>
				<key>GCC_WARN_UNUSED_FUNCTION</key>
				<string>YES</string>
				<key>GCC_WARN_UNUSED_VARIABLE</key>
				<string>YES</string>
				<key>MACOSX_DEPLOYMENT_TARGET</key>
				<string>10.8</string>
				<key>SDKROOT</key>
				<string>macosx</string>
			</dict>
			<key>isa</key>
			<string>XCBuildConfiguration</string>
			<key>name</key>
			<string>Release</string>
		</dict>
		<key>0692BC3C17D75723009BFC18</key>
		<dict>
			<key>buildConfigurations</key>
			<array>
				<string>0692BC3D17D75723009BFC18</string>
				<string>0692BC3E17D75723009BFC18</string>
			</array>
			<key>defaultConfigurationIsVisible</key>
			<string>0</string>
			<key>defaultConfigurationName</key>
			<string>Release</string>
			<key>isa</key>
			<string>XCConfigurationList</string>
		</dict>
		<key>0692BC3D17D75723009BFC18</key>
		<dict>
			<key>baseConfigurationReference</key>
			<string>DF169924FF04AB5A2B6C8659</string>
			<key>buildSettings</key>
			<dict>
				<key>CLANG_CXX_LANGUAGE_STANDARD</key>
				<string>gnu++0x</string>
				<key>COMBINE_HIDPI_IMAGES</key>
				<string>YES</string>
				<key>GCC_PRECOMPILE_PREFIX_HEADER</key>
				<string>YES</string>
				<key>GCC_PREFIX_HEADER</key>
				<string>XLCUtils/XLCUtils-Prefix.pch</string>
				<key>PRODUCT_NAME</key>
				<string>$(TARGET_NAME)</string>
				<key>SDKROOT</key>
				<string>macosx</string>
			</dict>
			<key>isa</key>
			<string>XCBuildConfiguration</string>
			<key>name</key>
			<string>Debug</string>
		</dict>
		<key>0692BC3E17D75723009BFC18</key>
		<dict>
			<key>baseConfigurationReference</key>
			<string>7A582856DF29D20B1971AFB2</string>
			<key>buildSettings</key>
			<dict>
				<key>CLANG_CXX_LANGUAGE_STANDARD</key>
				<string>gnu++0x</string>
				<key>COMBINE_HIDPI_IMAGES</key>
				<string>YES</string>
				<key>GCC_PRECOMPILE_PREFIX_HEADER</key>
				<string>YES</string>
				<key>GCC_PREFIX_HEADER</key>
				<string>XLCUtils/XLCUtils-Prefix.pch</string>
				<key>PRODUCT_NAME</key>
				<string>$(TARGET_NAME)</string>
				<key>SDKROOT</key>
				<string>macosx</string>
			</dict>
			<key>isa</key>
			<string>XCBuildConfiguration</string>
			<key>name</key>
			<string>Release</string>
		</dict>
		<key>0692BC3F17D75723009BFC18</key>
		<dict>
			<key>buildConfigurations</key>
			<array>
				<string>0692BC4017D75723009BFC18</string>
				<string>0692BC4117D75723009BFC18</string>
			</array>
			<key>defaultConfigurationIsVisible</key>
			<string>0</string>
			<key>defaultConfigurationName</key>
			<string>Release</string>
			<key>isa</key>
			<string>XCConfigurationList</string>
		</dict>
		<key>0692BC4017D75723009BFC18</key>
		<dict>
			<key>buildSettings</key>
			<dict>
				<key>CLANG_CXX_LANGUAGE_STANDARD</key>
				<string>c++1y</string>
				<key>COMBINE_HIDPI_IMAGES</key>
				<string>YES</string>
				<key>FRAMEWORK_SEARCH_PATHS</key>
				<array>
					<string>$(DEVELOPER_FRAMEWORKS_DIR)</string>
					<string>$(inherited)</string>
				</array>
				<key>GCC_PRECOMPILE_PREFIX_HEADER</key>
				<string>YES</string>
				<key>GCC_PREFIX_HEADER</key>
				<string>XLCUtils/XLCUtils-Prefix.pch</string>
				<key>GCC_PREPROCESSOR_DEFINITIONS</key>
				<array>
					<string>DEBUG=1</string>
					<string>$(inherited)</string>
				</array>
				<key>INFOPLIST_FILE</key>
				<string>XLCUtilsTests/XLCUtilsTests-Info.plist</string>
				<key>OTHER_LDFLAGS</key>
				<array>
					<string>$(inherited)</string>
					<string>-framework</string>
					<string>XCTest</string>
					<string>-ObjC</string>
				</array>
				<key>PRODUCT_NAME</key>
				<string>$(TARGET_NAME)</string>
				<key>SDKROOT</key>
				<string>macosx</string>
				<key>WRAPPER_EXTENSION</key>
				<string>xctest</string>
			</dict>
			<key>isa</key>
			<string>XCBuildConfiguration</string>
			<key>name</key>
			<string>Debug</string>
		</dict>
		<key>0692BC4117D75723009BFC18</key>
		<dict>
			<key>buildSettings</key>
			<dict>
				<key>CLANG_CXX_LANGUAGE_STANDARD</key>
				<string>c++1y</string>
				<key>COMBINE_HIDPI_IMAGES</key>
				<string>YES</string>
				<key>FRAMEWORK_SEARCH_PATHS</key>
				<array>
					<string>$(DEVELOPER_FRAMEWORKS_DIR)</string>
					<string>$(inherited)</string>
				</array>
				<key>GCC_PRECOMPILE_PREFIX_HEADER</key>
				<string>YES</string>
				<key>GCC_PREFIX_HEADER</key>
				<string>XLCUtils/XLCUtils-Prefix.pch</string>
				<key>INFOPLIST_FILE</key>
				<string>XLCUtilsTests/XLCUtilsTests-Info.plist</string>
				<key>OTHER_LDFLAGS</key>
				<array>
					<string>$(inherited)</string>
					<string>-framework</string>
					<string>XCTest</string>
					<string>-ObjC</string>
				</array>
				<key>PRODUCT_NAME</key>
				<string>$(TARGET_NAME)</string>
				<key>SDKROOT</key>
				<string>macosx</string>
				<key>WRAPPER_EXTENSION</key>
				<string>xctest</string>
			</dict>
			<key>isa</key>
			<string>XCBuildConfiguration</string>
			<key>name</key>
			<string>Release</string>
		</dict>
		<key>0692BC4217D87399009BFC18</key>
		<dict>
			<key>children</key>
			<array>
				<string>0692BC4317D873CF009BFC18</string>
				<string>0692BC4417D873CF009BFC18</string>
				<string>060FE27E19878466007539BA</string>
				<string>06E7887B19752316004AD435</string>
				<string>06E7887C19752316004AD435</string>
			</array>
			<key>isa</key>
			<string>PBXGroup</string>
			<key>name</key>
			<string>Logging</string>
			<key>sourceTree</key>
			<string>&lt;group&gt;</string>
		</dict>
		<key>0692BC4317D873CF009BFC18</key>
		<dict>
			<key>fileEncoding</key>
			<string>4</string>
			<key>isa</key>
			<string>PBXFileReference</string>
			<key>lastKnownFileType</key>
			<string>sourcecode.c.h</string>
			<key>path</key>
			<string>XLCLogging.h</string>
			<key>sourceTree</key>
			<string>&lt;group&gt;</string>
		</dict>
		<key>0692BC4417D873CF009BFC18</key>
		<dict>
			<key>fileEncoding</key>
			<string>4</string>
			<key>isa</key>
			<string>PBXFileReference</string>
			<key>lastKnownFileType</key>
			<string>sourcecode.c.objc</string>
			<key>path</key>
			<string>XLCLogging.m</string>
			<key>sourceTree</key>
			<string>&lt;group&gt;</string>
		</dict>
		<key>0692BC4517D873CF009BFC18</key>
		<dict>
			<key>fileRef</key>
			<string>0692BC4317D873CF009BFC18</string>
			<key>isa</key>
			<string>PBXBuildFile</string>
		</dict>
		<key>0692BC4617D873CF009BFC18</key>
		<dict>
			<key>fileRef</key>
			<string>0692BC4417D873CF009BFC18</string>
			<key>isa</key>
			<string>PBXBuildFile</string>
		</dict>
		<key>0692BC4717D87825009BFC18</key>
		<dict>
			<key>children</key>
			<array>
				<string>0692BC4817D87851009BFC18</string>
				<string>0692BC4917D87851009BFC18</string>
			</array>
			<key>isa</key>
			<string>PBXGroup</string>
			<key>name</key>
			<string>Assertion</string>
			<key>sourceTree</key>
			<string>&lt;group&gt;</string>
		</dict>
		<key>0692BC4817D87851009BFC18</key>
		<dict>
			<key>fileEncoding</key>
			<string>4</string>
			<key>isa</key>
			<string>PBXFileReference</string>
			<key>lastKnownFileType</key>
			<string>sourcecode.c.h</string>
			<key>path</key>
			<string>XLCAssertion.h</string>
			<key>sourceTree</key>
			<string>&lt;group&gt;</string>
		</dict>
		<key>0692BC4917D87851009BFC18</key>
		<dict>
			<key>fileEncoding</key>
			<string>4</string>
			<key>isa</key>
			<string>PBXFileReference</string>
			<key>lastKnownFileType</key>
			<string>sourcecode.c.objc</string>
			<key>path</key>
			<string>XLCAssertion.m</string>
			<key>sourceTree</key>
			<string>&lt;group&gt;</string>
		</dict>
		<key>0692BC4A17D87851009BFC18</key>
		<dict>
			<key>fileRef</key>
			<string>0692BC4817D87851009BFC18</string>
			<key>isa</key>
			<string>PBXBuildFile</string>
		</dict>
		<key>0692BC4B17D87851009BFC18</key>
		<dict>
			<key>fileRef</key>
			<string>0692BC4917D87851009BFC18</string>
			<key>isa</key>
			<string>PBXBuildFile</string>
		</dict>
		<key>0692BC4F17D897E3009BFC18</key>
		<dict>
			<key>children</key>
			<array>
				<string>06208BCF17E1C4EC00F60D39</string>
				<string>06208BD017E1C4EC00F60D39</string>
				<string>0692BC5017D897FE009BFC18</string>
				<string>0692BC5117D897FE009BFC18</string>
				<string>0692BC5417D8993A009BFC18</string>
				<string>0692BC5517D8993A009BFC18</string>
				<string>06208BD317E1C53D00F60D39</string>
				<string>06208BD417E1C53D00F60D39</string>
				<string>06F50AA419068C06000E5D58</string>
				<string>06F50AA519068C06000E5D58</string>
				<string>0685002E1990DC6D0049F386</string>
				<string>0685002F1990DC6D0049F386</string>
			</array>
			<key>isa</key>
			<string>PBXGroup</string>
			<key>name</key>
			<string>Utils</string>
			<key>sourceTree</key>
			<string>&lt;group&gt;</string>
		</dict>
		<key>0692BC5017D897FE009BFC18</key>
		<dict>
			<key>fileEncoding</key>
			<string>4</string>
			<key>isa</key>
			<string>PBXFileReference</string>
			<key>lastKnownFileType</key>
			<string>sourcecode.c.h</string>
			<key>path</key>
			<string>XLCNoCopyMutableDictionary.h</string>
			<key>sourceTree</key>
			<string>&lt;group&gt;</string>
		</dict>
		<key>0692BC5117D897FE009BFC18</key>
		<dict>
			<key>fileEncoding</key>
			<string>4</string>
			<key>isa</key>
			<string>PBXFileReference</string>
			<key>lastKnownFileType</key>
			<string>sourcecode.c.objc</string>
			<key>path</key>
			<string>XLCNoCopyMutableDictionary.m</string>
			<key>sourceTree</key>
			<string>&lt;group&gt;</string>
		</dict>
		<key>0692BC5217D897FE009BFC18</key>
		<dict>
			<key>fileRef</key>
			<string>0692BC5017D897FE009BFC18</string>
			<key>isa</key>
			<string>PBXBuildFile</string>
		</dict>
		<key>0692BC5317D897FE009BFC18</key>
		<dict>
			<key>fileRef</key>
			<string>0692BC5117D897FE009BFC18</string>
			<key>isa</key>
			<string>PBXBuildFile</string>
		</dict>
		<key>0692BC5417D8993A009BFC18</key>
		<dict>
			<key>fileEncoding</key>
			<string>4</string>
			<key>isa</key>
			<string>PBXFileReference</string>
			<key>lastKnownFileType</key>
			<string>sourcecode.c.h</string>
			<key>path</key>
			<string>NSObject+XLCDelayedPerform.h</string>
			<key>sourceTree</key>
			<string>&lt;group&gt;</string>
		</dict>
		<key>0692BC5517D8993A009BFC18</key>
		<dict>
			<key>fileEncoding</key>
			<string>4</string>
			<key>isa</key>
			<string>PBXFileReference</string>
			<key>lastKnownFileType</key>
			<string>sourcecode.c.objc</string>
			<key>path</key>
			<string>NSObject+XLCDelayedPerform.m</string>
			<key>sourceTree</key>
			<string>&lt;group&gt;</string>
		</dict>
		<key>0692BC5617D8993A009BFC18</key>
		<dict>
			<key>fileRef</key>
			<string>0692BC5417D8993A009BFC18</string>
			<key>isa</key>
			<string>PBXBuildFile</string>
		</dict>
		<key>0692BC5717D8993A009BFC18</key>
		<dict>
			<key>fileRef</key>
			<string>0692BC5517D8993A009BFC18</string>
			<key>isa</key>
			<string>PBXBuildFile</string>
		</dict>
		<key>06B443941903821B006F7245</key>
		<dict>
			<key>children</key>
			<array>
				<string>06B4439E190384A5006F7245</string>
			</array>
			<key>isa</key>
			<string>PBXGroup</string>
			<key>name</key>
			<string>OSX</string>
			<key>sourceTree</key>
			<string>&lt;group&gt;</string>
		</dict>
		<key>06B4439E190384A5006F7245</key>
		<dict>
			<key>fileEncoding</key>
			<string>4</string>
			<key>isa</key>
			<string>PBXFileReference</string>
			<key>lastKnownFileType</key>
			<string>sourcecode.c.objc</string>
			<key>name</key>
			<string>AppKit+XLCXMLCreation.m</string>
			<key>path</key>
			<string>osx/AppKit+XLCXMLCreation.m</string>
			<key>sourceTree</key>
			<string>&lt;group&gt;</string>
		</dict>
		<key>06B443A0190384A5006F7245</key>
		<dict>
			<key>fileRef</key>
			<string>06B4439E190384A5006F7245</string>
			<key>isa</key>
			<string>PBXBuildFile</string>
		</dict>
		<key>06B443A219039932006F7245</key>
		<dict>
			<key>fileEncoding</key>
			<string>4</string>
			<key>isa</key>
			<string>PBXFileReference</string>
			<key>lastKnownFileType</key>
			<string>sourcecode.c.objc</string>
			<key>path</key>
			<string>XLCAppKitXMLCreationTests.m</string>
			<key>sourceTree</key>
			<string>&lt;group&gt;</string>
		</dict>
		<key>06B443A319039932006F7245</key>
		<dict>
			<key>fileRef</key>
			<string>06B443A219039932006F7245</string>
			<key>isa</key>
			<string>PBXBuildFile</string>
		</dict>
		<key>06C259EC198C8B1000A13BDA</key>
		<dict>
			<key>fileEncoding</key>
			<string>4</string>
			<key>isa</key>
			<string>PBXFileReference</string>
			<key>lastKnownFileType</key>
			<string>sourcecode.c.objc</string>
			<key>path</key>
			<string>XLCTraceTests.m</string>
			<key>sourceTree</key>
			<string>&lt;group&gt;</string>
		</dict>
		<key>06C259ED198C8B1000A13BDA</key>
		<dict>
			<key>fileRef</key>
			<string>06C259EC198C8B1000A13BDA</string>
			<key>isa</key>
			<string>PBXBuildFile</string>
		</dict>
		<key>06C259EE198C8B1000A13BDA</key>
		<dict>
			<key>fileRef</key>
			<string>06C259EC198C8B1000A13BDA</string>
			<key>isa</key>
			<string>PBXBuildFile</string>
		</dict>
		<key>06DB5B9A194996E800F0D6AC</key>
		<dict>
			<key>children</key>
			<array>
				<string>06DB5B9B1949971200F0D6AC</string>
				<string>06DB5B9C1949971200F0D6AC</string>
			</array>
			<key>isa</key>
			<string>PBXGroup</string>
			<key>name</key>
			<string>XLCPrototype</string>
			<key>sourceTree</key>
			<string>&lt;group&gt;</string>
		</dict>
		<key>06DB5B9B1949971200F0D6AC</key>
		<dict>
			<key>fileEncoding</key>
			<string>4</string>
			<key>isa</key>
			<string>PBXFileReference</string>
			<key>lastKnownFileType</key>
			<string>sourcecode.c.h</string>
			<key>path</key>
			<string>XLCPrototype.h</string>
			<key>sourceTree</key>
			<string>&lt;group&gt;</string>
		</dict>
		<key>06DB5B9C1949971200F0D6AC</key>
		<dict>
			<key>fileEncoding</key>
			<string>4</string>
			<key>isa</key>
			<string>PBXFileReference</string>
			<key>lastKnownFileType</key>
			<string>sourcecode.c.objc</string>
			<key>path</key>
			<string>XLCPrototype.m</string>
			<key>sourceTree</key>
			<string>&lt;group&gt;</string>
		</dict>
		<key>06DB5B9D1949971200F0D6AC</key>
		<dict>
			<key>fileRef</key>
			<string>06DB5B9B1949971200F0D6AC</string>
			<key>isa</key>
			<string>PBXBuildFile</string>
		</dict>
		<key>06DB5B9E1949971200F0D6AC</key>
		<dict>
			<key>fileRef</key>
			<string>06DB5B9C1949971200F0D6AC</string>
			<key>isa</key>
			<string>PBXBuildFile</string>
		</dict>
		<key>06DB5B9F1949971200F0D6AC</key>
		<dict>
			<key>fileRef</key>
			<string>06DB5B9C1949971200F0D6AC</string>
			<key>isa</key>
			<string>PBXBuildFile</string>
		</dict>
		<key>06DB5BA01949C8A600F0D6AC</key>
		<dict>
			<key>fileEncoding</key>
			<string>4</string>
			<key>isa</key>
			<string>PBXFileReference</string>
			<key>lastKnownFileType</key>
			<string>sourcecode.c.objc</string>
			<key>path</key>
			<string>XLCPrototypeTests.m</string>
			<key>sourceTree</key>
			<string>&lt;group&gt;</string>
		</dict>
		<key>06DB5BA11949C8A600F0D6AC</key>
		<dict>
			<key>fileRef</key>
			<string>06DB5BA01949C8A600F0D6AC</string>
			<key>isa</key>
			<string>PBXBuildFile</string>
		</dict>
		<key>06DB5BA21949C8A600F0D6AC</key>
		<dict>
			<key>fileRef</key>
			<string>06DB5BA01949C8A600F0D6AC</string>
			<key>isa</key>
			<string>PBXBuildFile</string>
		</dict>
		<key>06E7887B19752316004AD435</key>
		<dict>
			<key>fileEncoding</key>
			<string>4</string>
			<key>isa</key>
			<string>PBXFileReference</string>
			<key>lastKnownFileType</key>
			<string>sourcecode.c.h</string>
			<key>path</key>
			<string>XLCTrace.h</string>
			<key>sourceTree</key>
			<string>&lt;group&gt;</string>
		</dict>
		<key>06E7887C19752316004AD435</key>
		<dict>
			<key>fileEncoding</key>
			<string>4</string>
			<key>isa</key>
			<string>PBXFileReference</string>
			<key>lastKnownFileType</key>
			<string>sourcecode.cpp.objcpp</string>
			<key>path</key>
			<string>XLCTrace.mm</string>
			<key>sourceTree</key>
			<string>&lt;group&gt;</string>
		</dict>
		<key>06E7887D19752316004AD435</key>
		<dict>
			<key>fileRef</key>
			<string>06E7887B19752316004AD435</string>
			<key>isa</key>
			<string>PBXBuildFile</string>
		</dict>
		<key>06E7887E19752316004AD435</key>
		<dict>
			<key>fileRef</key>
			<string>06E7887C19752316004AD435</string>
			<key>isa</key>
			<string>PBXBuildFile</string>
		</dict>
		<key>06E7887F19752316004AD435</key>
		<dict>
			<key>fileRef</key>
			<string>06E7887C19752316004AD435</string>
			<key>isa</key>
			<string>PBXBuildFile</string>
		</dict>
		<key>06F50AA419068C06000E5D58</key>
		<dict>
			<key>fileEncoding</key>
			<string>4</string>
			<key>isa</key>
			<string>PBXFileReference</string>
			<key>lastKnownFileType</key>
			<string>sourcecode.c.h</string>
			<key>path</key>
			<string>NSString+XLCAdditions.h</string>
			<key>sourceTree</key>
			<string>&lt;group&gt;</string>
		</dict>
		<key>06F50AA519068C06000E5D58</key>
		<dict>
			<key>fileEncoding</key>
			<string>4</string>
			<key>isa</key>
			<string>PBXFileReference</string>
			<key>lastKnownFileType</key>
			<string>sourcecode.c.objc</string>
			<key>path</key>
			<string>NSString+XLCAdditions.m</string>
			<key>sourceTree</key>
			<string>&lt;group&gt;</string>
		</dict>
		<key>06F50AA619068C06000E5D58</key>
		<dict>
			<key>fileRef</key>
			<string>06F50AA419068C06000E5D58</string>
			<key>isa</key>
			<string>PBXBuildFile</string>
		</dict>
		<key>06F50AA719068C06000E5D58</key>
		<dict>
			<key>fileRef</key>
			<string>06F50AA519068C06000E5D58</string>
			<key>isa</key>
			<string>PBXBuildFile</string>
		</dict>
		<key>06F50AAA1907C167000E5D58</key>
		<dict>
			<key>fileEncoding</key>
			<string>4</string>
			<key>isa</key>
			<string>PBXFileReference</string>
			<key>lastKnownFileType</key>
			<string>sourcecode.c.objc</string>
			<key>path</key>
			<string>XLCAdditionsTests.m</string>
			<key>sourceTree</key>
			<string>&lt;group&gt;</string>
		</dict>
		<key>06F50AAB1907C167000E5D58</key>
		<dict>
			<key>fileRef</key>
			<string>06F50AAA1907C167000E5D58</string>
			<key>isa</key>
			<string>PBXBuildFile</string>
		</dict>
		<key>06F50AAC190A9B36000E5D58</key>
		<dict>
			<key>children</key>
			<array>
				<string>062538ED190C925A007FD1C4</string>
				<string>062538EE190CDAEF007FD1C4</string>
			</array>
			<key>isa</key>
			<string>PBXGroup</string>
			<key>name</key>
			<string>C++</string>
			<key>sourceTree</key>
			<string>&lt;group&gt;</string>
		</dict>
		<key>06F50AB0190A9D08000E5D58</key>
		<dict>
			<key>fileEncoding</key>
			<string>4</string>
			<key>isa</key>
			<string>PBXFileReference</string>
			<key>lastKnownFileType</key>
			<string>sourcecode.cpp.objcpp</string>
			<key>path</key>
			<string>XLCObjCppHelpersTests.mm</string>
			<key>sourceTree</key>
			<string>&lt;group&gt;</string>
		</dict>
		<key>06F50AB1190A9D08000E5D58</key>
		<dict>
			<key>fileRef</key>
			<string>06F50AB0190A9D08000E5D58</string>
			<key>isa</key>
			<string>PBXBuildFile</string>
		</dict>
		<key>154FD6923933402FA17B3974</key>
		<dict>
			<key>buildActionMask</key>
			<string>2147483647</string>
			<key>files</key>
			<array/>
			<key>inputPaths</key>
			<array/>
			<key>isa</key>
			<string>PBXShellScriptBuildPhase</string>
			<key>name</key>
			<string>Copy Pods Resources</string>
			<key>outputPaths</key>
			<array/>
			<key>runOnlyForDeploymentPostprocessing</key>
			<string>0</string>
			<key>shellPath</key>
			<string>/bin/sh</string>
			<key>shellScript</key>
			<string>"${SRCROOT}/Pods/Target Support Files/Pods-XLCUtils-ios/Pods-XLCUtils-ios-resources.sh"
</string>
			<key>showEnvVarsInLog</key>
			<string>0</string>
		</dict>
		<key>1BA67931938AB76627DA6C36</key>
		<dict>
			<key>includeInIndex</key>
			<string>1</string>
			<key>isa</key>
			<string>PBXFileReference</string>
			<key>lastKnownFileType</key>
			<string>text.xcconfig</string>
			<key>name</key>
			<string>Pods-XLCUtils-ios.debug.xcconfig</string>
			<key>path</key>
			<string>Pods/Target Support Files/Pods-XLCUtils-ios/Pods-XLCUtils-ios.debug.xcconfig</string>
			<key>sourceTree</key>
			<string>&lt;group&gt;</string>
		</dict>
		<key>3E013B9FC4C64759AEE208D7</key>
		<dict>
			<key>explicitFileType</key>
			<string>archive.ar</string>
			<key>includeInIndex</key>
			<string>0</string>
			<key>isa</key>
			<string>PBXFileReference</string>
			<key>path</key>
			<string>libPods-XLCUtils-ios.a</string>
			<key>sourceTree</key>
			<string>BUILT_PRODUCTS_DIR</string>
		</dict>
		<key>5856D283037A40C384709878</key>
		<dict>
			<key>fileRef</key>
			<string>598831F8A59F47BC946C830D</string>
			<key>isa</key>
			<string>PBXBuildFile</string>
		</dict>
		<key>598831F8A59F47BC946C830D</key>
		<dict>
			<key>explicitFileType</key>
			<string>archive.ar</string>
			<key>includeInIndex</key>
			<string>0</string>
			<key>isa</key>
			<string>PBXFileReference</string>
			<key>path</key>
			<string>libPods-XLCUtils.a</string>
			<key>sourceTree</key>
			<string>BUILT_PRODUCTS_DIR</string>
		</dict>
		<key>694D6A8A731B623E3716A3B1</key>
		<dict>
			<key>includeInIndex</key>
			<string>1</string>
			<key>isa</key>
			<string>PBXFileReference</string>
			<key>lastKnownFileType</key>
			<string>text.xcconfig</string>
			<key>name</key>
			<string>Pods-XLCUtils-ios.release.xcconfig</string>
			<key>path</key>
			<string>Pods/Target Support Files/Pods-XLCUtils-ios/Pods-XLCUtils-ios.release.xcconfig</string>
			<key>sourceTree</key>
			<string>&lt;group&gt;</string>
		</dict>
		<key>7A582856DF29D20B1971AFB2</key>
		<dict>
			<key>includeInIndex</key>
			<string>1</string>
			<key>isa</key>
			<string>PBXFileReference</string>
			<key>lastKnownFileType</key>
			<string>text.xcconfig</string>
			<key>name</key>
			<string>Pods-XLCUtils.release.xcconfig</string>
			<key>path</key>
			<string>Pods/Target Support Files/Pods-XLCUtils/Pods-XLCUtils.release.xcconfig</string>
			<key>sourceTree</key>
			<string>&lt;group&gt;</string>
		</dict>
		<key>7C7161B250764CBAB4130C98</key>
		<dict>
			<key>buildActionMask</key>
			<string>2147483647</string>
			<key>files</key>
			<array/>
			<key>inputPaths</key>
			<array/>
			<key>isa</key>
			<string>PBXShellScriptBuildPhase</string>
			<key>name</key>
			<string>Copy Pods Resources</string>
			<key>outputPaths</key>
			<array/>
			<key>runOnlyForDeploymentPostprocessing</key>
			<string>0</string>
			<key>shellPath</key>
			<string>/bin/sh</string>
			<key>shellScript</key>
			<string>"${SRCROOT}/Pods/Target Support Files/Pods-XLCUtils/Pods-XLCUtils-resources.sh"
</string>
			<key>showEnvVarsInLog</key>
			<string>0</string>
		</dict>
		<key>841C5D35D0504B8C8FC882F7</key>
		<dict>
			<key>buildActionMask</key>
			<string>2147483647</string>
			<key>files</key>
			<array/>
			<key>inputPaths</key>
			<array/>
			<key>isa</key>
			<string>PBXShellScriptBuildPhase</string>
			<key>name</key>
			<string>Check Pods Manifest.lock</string>
			<key>outputPaths</key>
			<array/>
			<key>runOnlyForDeploymentPostprocessing</key>
			<string>0</string>
			<key>shellPath</key>
			<string>/bin/sh</string>
			<key>shellScript</key>
			<string>diff "${PODS_ROOT}/../Podfile.lock" "${PODS_ROOT}/Manifest.lock" &gt; /dev/null
if [[ $? != 0 ]] ; then
    cat &lt;&lt; EOM
error: The sandbox is not in sync with the Podfile.lock. Run 'pod install' or update your CocoaPods installation.
EOM
    exit 1
fi
</string>
			<key>showEnvVarsInLog</key>
			<string>0</string>
		</dict>
		<key>8D87CA8961B0AA2B7A17602C</key>
		<dict>
			<key>fileRef</key>
			<string>3E013B9FC4C64759AEE208D7</string>
			<key>isa</key>
			<string>PBXBuildFile</string>
		</dict>
		<key>DF169924FF04AB5A2B6C8659</key>
		<dict>
			<key>includeInIndex</key>
			<string>1</string>
			<key>isa</key>
			<string>PBXFileReference</string>
			<key>lastKnownFileType</key>
			<string>text.xcconfig</string>
			<key>name</key>
			<string>Pods-XLCUtils.debug.xcconfig</string>
			<key>path</key>
			<string>Pods/Target Support Files/Pods-XLCUtils/Pods-XLCUtils.debug.xcconfig</string>
			<key>sourceTree</key>
			<string>&lt;group&gt;</string>
		</dict>
		<key>E04418457ADC8629275288D9</key>
		<dict>
			<key>children</key>
			<array>
				<string>DF169924FF04AB5A2B6C8659</string>
				<string>7A582856DF29D20B1971AFB2</string>
				<string>1BA67931938AB76627DA6C36</string>
				<string>694D6A8A731B623E3716A3B1</string>
			</array>
			<key>isa</key>
			<string>PBXGroup</string>
			<key>name</key>
			<string>Pods</string>
			<key>sourceTree</key>
			<string>&lt;group&gt;</string>
		</dict>
		<key>E907FCF6E8954225AD7C20B7</key>
		<dict>
			<key>buildActionMask</key>
			<string>2147483647</string>
			<key>files</key>
			<array/>
			<key>inputPaths</key>
			<array/>
			<key>isa</key>
			<string>PBXShellScriptBuildPhase</string>
			<key>name</key>
			<string>Check Pods Manifest.lock</string>
			<key>outputPaths</key>
			<array/>
			<key>runOnlyForDeploymentPostprocessing</key>
			<string>0</string>
			<key>shellPath</key>
			<string>/bin/sh</string>
			<key>shellScript</key>
			<string>diff "${PODS_ROOT}/../Podfile.lock" "${PODS_ROOT}/Manifest.lock" &gt; /dev/null
if [[ $? != 0 ]] ; then
    cat &lt;&lt; EOM
error: The sandbox is not in sync with the Podfile.lock. Run 'pod install' or update your CocoaPods installation.
EOM
    exit 1
fi
</string>
			<key>showEnvVarsInLog</key>
			<string>0</string>
		</dict>
	</dict>
	<key>rootObject</key>
	<string>0692BC1017D75723009BFC18</string>
</dict>
</plist>
